# This file is autogenerated, do not edit; changes may be undone by the next 'dep ensure'.


[[projects]]
  name = "github.com/dcowgill/envflag"
  packages = ["."]
  revision = "c6949bc26c30960a5b5ce8d7cdcf53350fd6812d"
  version = "v1.0"

[[projects]]
  branch = "master"
  name = "github.com/google/go-querystring"
  packages = ["query"]
  revision = "53e6ce116135b80d037921a7fdd5138cf32d7a8a"

[[projects]]
  name = "github.com/pkg/errors"
  packages = ["."]
  revision = "645ef00459ed84a119197bfb8d8205042c6df63d"
  version = "v0.8.0"

[solve-meta]
  analyzer-name = "dep"
  analyzer-version = 1
  inputs-digest = "be7352ee0213a38d2d06639c1a2e230d5e236755ad562cd6ddcb4c8b5b7ba8f4"
  solver-name = "gps-cdcl"
  solver-version = 1
